
Microsoft Visual Studio Solution File, Format Version 12.00
# Visual Studio Version 17
VisualStudioVersion = 17.9.34723.18
MinimumVisualStudioVersion = 10.0.40219.1
Project("{8BC9CEB8-8B4A-11D0-8D11-00A0C91BC942}") = "summary_ranges", "summary_ranges\summary_ranges.vcxproj", "{281AC1B3-7966-4A7B-90C6-7541C02990FB}"
EndProject
Global
	GlobalSection(SolutionConfigurationPlatforms) = preSolution
		Debug|x64 = Debug|x64
		Debug|x86 = Debug|x86
		Release|x64 = Release|x64
		Release|x86 = Release|x86
	EndGlobalSection
	GlobalSection(ProjectConfigurationPlatforms) = postSolution
		{281AC1B3-7966-4A7B-90C6-7541C02990FB}.Debug|x64.ActiveCfg = Debug|x64
		{281AC1B3-7966-4A7B-90C6-7541C02990FB}.Debug|x64.Build.0 = Debug|x64
		{281AC1B3-7966-4A7B-90C6-7541C02990FB}.Debug|x86.ActiveCfg = Debug|Win32
		{281AC1B3-7966-4A7B-90C6-7541C02990FB}.Debug|x86.Build.0 = Debug|Win32
		{281AC1B3-7966-4A7B-90C6-7541C02990FB}.Release|x64.ActiveCfg = Release|x64
		{281AC1B3-7966-4A7B-90C6-7541C02990FB}.Release|x64.Build.0 = Release|x64
		{281AC1B3-7966-4A7B-90C6-7541C02990FB}.Release|x86.ActiveCfg = Release|Win32
		{281AC1B3-7966-4A7B-90C6-7541C02990FB}.Release|x86.Build.0 = Release|Win32
	EndGlobalSection
	GlobalSection(SolutionProperties) = preSolution
		HideSolutionNode = FALSE
	EndGlobalSection
	GlobalSection(ExtensibilityGlobals) = postSolution
		SolutionGuid = {A8020371-0F98-424B-8443-99F7305FC448}
	EndGlobalSection
EndGlobal
