
Microsoft Visual Studio Solution File, Format Version 12.00
# Visual Studio Version 17
VisualStudioVersion = 17.9.34723.18
MinimumVisualStudioVersion = 10.0.40219.1
Project("{8BC9CEB8-8B4A-11D0-8D11-00A0C91BC942}") = "reverse_words_string", "reverse_words_string\reverse_words_string.vcxproj", "{6AC53CF2-53EF-4504-8444-4D2A8E0BF653}"
EndProject
Global
	GlobalSection(SolutionConfigurationPlatforms) = preSolution
		Debug|x64 = Debug|x64
		Debug|x86 = Debug|x86
		Release|x64 = Release|x64
		Release|x86 = Release|x86
	EndGlobalSection
	GlobalSection(ProjectConfigurationPlatforms) = postSolution
		{6AC53CF2-53EF-4504-8444-4D2A8E0BF653}.Debug|x64.ActiveCfg = Debug|x64
		{6AC53CF2-53EF-4504-8444-4D2A8E0BF653}.Debug|x64.Build.0 = Debug|x64
		{6AC53CF2-53EF-4504-8444-4D2A8E0BF653}.Debug|x86.ActiveCfg = Debug|Win32
		{6AC53CF2-53EF-4504-8444-4D2A8E0BF653}.Debug|x86.Build.0 = Debug|Win32
		{6AC53CF2-53EF-4504-8444-4D2A8E0BF653}.Release|x64.ActiveCfg = Release|x64
		{6AC53CF2-53EF-4504-8444-4D2A8E0BF653}.Release|x64.Build.0 = Release|x64
		{6AC53CF2-53EF-4504-8444-4D2A8E0BF653}.Release|x86.ActiveCfg = Release|Win32
		{6AC53CF2-53EF-4504-8444-4D2A8E0BF653}.Release|x86.Build.0 = Release|Win32
	EndGlobalSection
	GlobalSection(SolutionProperties) = preSolution
		HideSolutionNode = FALSE
	EndGlobalSection
	GlobalSection(ExtensibilityGlobals) = postSolution
		SolutionGuid = {E1D72A45-3354-4B81-9DAB-DE5EA1B9E246}
	EndGlobalSection
EndGlobal
