
Microsoft Visual Studio Solution File, Format Version 12.00
# Visual Studio Version 17
VisualStudioVersion = 17.9.34723.18
MinimumVisualStudioVersion = 10.0.40219.1
Project("{8BC9CEB8-8B4A-11D0-8D11-00A0C91BC942}") = "excel_sheet_column_number", "excel_sheet_column_number\excel_sheet_column_number.vcxproj", "{478989F1-CEF5-47F1-BAF6-31EA8D9D250E}"
EndProject
Global
	GlobalSection(SolutionConfigurationPlatforms) = preSolution
		Debug|x64 = Debug|x64
		Debug|x86 = Debug|x86
		Release|x64 = Release|x64
		Release|x86 = Release|x86
	EndGlobalSection
	GlobalSection(ProjectConfigurationPlatforms) = postSolution
		{478989F1-CEF5-47F1-BAF6-31EA8D9D250E}.Debug|x64.ActiveCfg = Debug|x64
		{478989F1-CEF5-47F1-BAF6-31EA8D9D250E}.Debug|x64.Build.0 = Debug|x64
		{478989F1-CEF5-47F1-BAF6-31EA8D9D250E}.Debug|x86.ActiveCfg = Debug|Win32
		{478989F1-CEF5-47F1-BAF6-31EA8D9D250E}.Debug|x86.Build.0 = Debug|Win32
		{478989F1-CEF5-47F1-BAF6-31EA8D9D250E}.Release|x64.ActiveCfg = Release|x64
		{478989F1-CEF5-47F1-BAF6-31EA8D9D250E}.Release|x64.Build.0 = Release|x64
		{478989F1-CEF5-47F1-BAF6-31EA8D9D250E}.Release|x86.ActiveCfg = Release|Win32
		{478989F1-CEF5-47F1-BAF6-31EA8D9D250E}.Release|x86.Build.0 = Release|Win32
	EndGlobalSection
	GlobalSection(SolutionProperties) = preSolution
		HideSolutionNode = FALSE
	EndGlobalSection
	GlobalSection(ExtensibilityGlobals) = postSolution
		SolutionGuid = {660CDDF3-9FE0-4A86-8E9E-9CE141485A54}
	EndGlobalSection
EndGlobal
